
Microsoft Visual Studio Solution File, Format Version 12.00
# Visual Studio Version 16
VisualStudioVersion = 16.0.33328.57
MinimumVisualStudioVersion = 10.0.40219.1
Project("{FAE04EC0-301F-11D3-BF4B-00C04F79EFBC}") = "SimpleFactory", "SimpleFactory\SimpleFactory.csproj", "{7F801573-6347-40E5-A5FD-BB078A1E03AE}"
EndProject
Global
	GlobalSection(SolutionConfigurationPlatforms) = preSolution
		Debug|Any CPU = Debug|Any CPU
		Release|Any CPU = Release|Any CPU
	EndGlobalSection
	GlobalSection(ProjectConfigurationPlatforms) = postSolution
		{7F801573-6347-40E5-A5FD-BB078A1E03AE}.Debug|Any CPU.ActiveCfg = Debug|Any CPU
		{7F801573-6347-40E5-A5FD-BB078A1E03AE}.Debug|Any CPU.Build.0 = Debug|Any CPU
		{7F801573-6347-40E5-A5FD-BB078A1E03AE}.Release|Any CPU.ActiveCfg = Release|Any CPU
		{7F801573-6347-40E5-A5FD-BB078A1E03AE}.Release|Any CPU.Build.0 = Release|Any CPU
	EndGlobalSection
	GlobalSection(SolutionProperties) = preSolution
		HideSolutionNode = FALSE
	EndGlobalSection
	GlobalSection(ExtensibilityGlobals) = postSolution
		SolutionGuid = {D1027EB0-89CF-4C6E-BC62-5F8123BE47C1}
	EndGlobalSection
EndGlobal
